
Microsoft Visual Studio Solution File, Format Version 12.00
# Visual Studio Version 16
VisualStudioVersion = 16.0.30907.101
MinimumVisualStudioVersion = 10.0.40219.1
Project("{9A19103F-16F7-4668-BE54-9A1E7A4F7556}") = "TodoCase", "TodoCase\TodoCase.csproj", "{B775ABA9-BD89-4EBC-90BF-4C610FB9498C}"
EndProject
Project("{9A19103F-16F7-4668-BE54-9A1E7A4F7556}") = "TodoCase.Core", "TodoCase.Core\TodoCase.Core.csproj", "{0E177F42-444B-451B-B0E2-EDB12205E838}"
EndProject
Project("{FAE04EC0-301F-11D3-BF4B-00C04F79EFBC}") = "TodoCase.DataAccess", "TodoCase.DataAccess\TodoCase.DataAccess.csproj", "{A9A71A60-6071-4164-AD6F-0EA32A400A43}"
EndProject
Global
	GlobalSection(SolutionConfigurationPlatforms) = preSolution
		Debug|Any CPU = Debug|Any CPU
		Release|Any CPU = Release|Any CPU
	EndGlobalSection
	GlobalSection(ProjectConfigurationPlatforms) = postSolution
		{B775ABA9-BD89-4EBC-90BF-4C610FB9498C}.Debug|Any CPU.ActiveCfg = Debug|Any CPU
		{B775ABA9-BD89-4EBC-90BF-4C610FB9498C}.Debug|Any CPU.Build.0 = Debug|Any CPU
		{B775ABA9-BD89-4EBC-90BF-4C610FB9498C}.Release|Any CPU.ActiveCfg = Release|Any CPU
		{B775ABA9-BD89-4EBC-90BF-4C610FB9498C}.Release|Any CPU.Build.0 = Release|Any CPU
		{0E177F42-444B-451B-B0E2-EDB12205E838}.Debug|Any CPU.ActiveCfg = Debug|Any CPU
		{0E177F42-444B-451B-B0E2-EDB12205E838}.Debug|Any CPU.Build.0 = Debug|Any CPU
		{0E177F42-444B-451B-B0E2-EDB12205E838}.Release|Any CPU.ActiveCfg = Release|Any CPU
		{0E177F42-444B-451B-B0E2-EDB12205E838}.Release|Any CPU.Build.0 = Release|Any CPU
		{A9A71A60-6071-4164-AD6F-0EA32A400A43}.Debug|Any CPU.ActiveCfg = Debug|Any CPU
		{A9A71A60-6071-4164-AD6F-0EA32A400A43}.Debug|Any CPU.Build.0 = Debug|Any CPU
		{A9A71A60-6071-4164-AD6F-0EA32A400A43}.Release|Any CPU.ActiveCfg = Release|Any CPU
		{A9A71A60-6071-4164-AD6F-0EA32A400A43}.Release|Any CPU.Build.0 = Release|Any CPU
	EndGlobalSection
	GlobalSection(SolutionProperties) = preSolution
		HideSolutionNode = FALSE
	EndGlobalSection
	GlobalSection(ExtensibilityGlobals) = postSolution
		SolutionGuid = {2A6414EE-5E62-49B8-80F6-30DB259938B1}
	EndGlobalSection
EndGlobal
